
Microsoft Visual Studio Solution File, Format Version 12.00
# Visual Studio Version 16
VisualStudioVersion = 16.0.30804.86
MinimumVisualStudioVersion = 10.0.40219.1
Project("{9A19103F-16F7-4668-BE54-9A1E7A4F7556}") = "ENode", "ENode\ENode.csproj", "{5504E65C-EBF0-4271-B9B3-D1621A2B9B9F}"
EndProject
Project("{2150E333-8FDC-42A3-9474-1A3956D46DE8}") = "Samples", "Samples", "{BDB08B9C-293A-45F5-9B64-57CE3A2B45D9}"
EndProject
Project("{2150E333-8FDC-42A3-9474-1A3956D46DE8}") = "NoteSample", "NoteSample", "{43417373-F6C0-4A09-A7E5-4E0615B62AFA}"
EndProject
Project("{9A19103F-16F7-4668-BE54-9A1E7A4F7556}") = "NoteSample.Domain", "NoteSample.Domain\NoteSample.Domain.csproj", "{E5624D62-E530-454A-BBC9-472840EF9D35}"
EndProject
Project("{9A19103F-16F7-4668-BE54-9A1E7A4F7556}") = "NoteSample.Commands", "NoteSample.Commands\NoteSample.Commands.csproj", "{EEBE3360-EF15-42A2-9AD5-9988C392414C}"
EndProject
Project("{9A19103F-16F7-4668-BE54-9A1E7A4F7556}") = "NoteSample.CommandHandler", "NoteSample.CommandHandler\NoteSample.CommandHandler.csproj", "{F62862AA-6E12-40C6-9610-7E71392C97CD}"
EndProject
Project("{FAE04EC0-301F-11D3-BF4B-00C04F79EFBC}") = "NoteSample.QuickStart", "NoteSample.QuickStart\NoteSample.QuickStart.csproj", "{28350FF5-37BB-4E6C-A7F8-6E6CDD9FC57C}"
EndProject
Global
	GlobalSection(SolutionConfigurationPlatforms) = preSolution
		Debug|Any CPU = Debug|Any CPU
		Release|Any CPU = Release|Any CPU
	EndGlobalSection
	GlobalSection(ProjectConfigurationPlatforms) = postSolution
		{5504E65C-EBF0-4271-B9B3-D1621A2B9B9F}.Debug|Any CPU.ActiveCfg = Debug|Any CPU
		{5504E65C-EBF0-4271-B9B3-D1621A2B9B9F}.Debug|Any CPU.Build.0 = Debug|Any CPU
		{5504E65C-EBF0-4271-B9B3-D1621A2B9B9F}.Release|Any CPU.ActiveCfg = Release|Any CPU
		{5504E65C-EBF0-4271-B9B3-D1621A2B9B9F}.Release|Any CPU.Build.0 = Release|Any CPU
		{E5624D62-E530-454A-BBC9-472840EF9D35}.Debug|Any CPU.ActiveCfg = Debug|Any CPU
		{E5624D62-E530-454A-BBC9-472840EF9D35}.Debug|Any CPU.Build.0 = Debug|Any CPU
		{E5624D62-E530-454A-BBC9-472840EF9D35}.Release|Any CPU.ActiveCfg = Release|Any CPU
		{E5624D62-E530-454A-BBC9-472840EF9D35}.Release|Any CPU.Build.0 = Release|Any CPU
		{EEBE3360-EF15-42A2-9AD5-9988C392414C}.Debug|Any CPU.ActiveCfg = Debug|Any CPU
		{EEBE3360-EF15-42A2-9AD5-9988C392414C}.Debug|Any CPU.Build.0 = Debug|Any CPU
		{EEBE3360-EF15-42A2-9AD5-9988C392414C}.Release|Any CPU.ActiveCfg = Release|Any CPU
		{EEBE3360-EF15-42A2-9AD5-9988C392414C}.Release|Any CPU.Build.0 = Release|Any CPU
		{F62862AA-6E12-40C6-9610-7E71392C97CD}.Debug|Any CPU.ActiveCfg = Debug|Any CPU
		{F62862AA-6E12-40C6-9610-7E71392C97CD}.Debug|Any CPU.Build.0 = Debug|Any CPU
		{F62862AA-6E12-40C6-9610-7E71392C97CD}.Release|Any CPU.ActiveCfg = Release|Any CPU
		{F62862AA-6E12-40C6-9610-7E71392C97CD}.Release|Any CPU.Build.0 = Release|Any CPU
		{28350FF5-37BB-4E6C-A7F8-6E6CDD9FC57C}.Debug|Any CPU.ActiveCfg = Debug|Any CPU
		{28350FF5-37BB-4E6C-A7F8-6E6CDD9FC57C}.Debug|Any CPU.Build.0 = Debug|Any CPU
		{28350FF5-37BB-4E6C-A7F8-6E6CDD9FC57C}.Release|Any CPU.ActiveCfg = Release|Any CPU
		{28350FF5-37BB-4E6C-A7F8-6E6CDD9FC57C}.Release|Any CPU.Build.0 = Release|Any CPU
	EndGlobalSection
	GlobalSection(SolutionProperties) = preSolution
		HideSolutionNode = FALSE
	EndGlobalSection
	GlobalSection(NestedProjects) = preSolution
		{43417373-F6C0-4A09-A7E5-4E0615B62AFA} = {BDB08B9C-293A-45F5-9B64-57CE3A2B45D9}
		{E5624D62-E530-454A-BBC9-472840EF9D35} = {43417373-F6C0-4A09-A7E5-4E0615B62AFA}
		{EEBE3360-EF15-42A2-9AD5-9988C392414C} = {43417373-F6C0-4A09-A7E5-4E0615B62AFA}
		{F62862AA-6E12-40C6-9610-7E71392C97CD} = {43417373-F6C0-4A09-A7E5-4E0615B62AFA}
		{28350FF5-37BB-4E6C-A7F8-6E6CDD9FC57C} = {43417373-F6C0-4A09-A7E5-4E0615B62AFA}
	EndGlobalSection
	GlobalSection(ExtensibilityGlobals) = postSolution
		SolutionGuid = {8BB27C15-2BF3-4DCD-B758-BE93ECC2AA98}
	EndGlobalSection
EndGlobal
